
Microsoft Visual Studio Solution File, Format Version 12.00
# Visual Studio Version 16
VisualStudioVersion = 16.0.30114.105
MinimumVisualStudioVersion = 10.0.40219.1
Project("{FAE04EC0-301F-11D3-BF4B-00C04F79EFBC}") = "catalog_mover", "catalog_mover.csproj", "{C2D5038E-D5E3-4CE1-AB62-D3656B94D0E2}"
EndProject
Global
	GlobalSection(SolutionConfigurationPlatforms) = preSolution
		Debug|Any CPU = Debug|Any CPU
		Release|Any CPU = Release|Any CPU
	EndGlobalSection
	GlobalSection(ProjectConfigurationPlatforms) = postSolution
		{C2D5038E-D5E3-4CE1-AB62-D3656B94D0E2}.Debug|Any CPU.ActiveCfg = Debug|Any CPU
		{C2D5038E-D5E3-4CE1-AB62-D3656B94D0E2}.Debug|Any CPU.Build.0 = Debug|Any CPU
		{C2D5038E-D5E3-4CE1-AB62-D3656B94D0E2}.Release|Any CPU.ActiveCfg = Release|Any CPU
		{C2D5038E-D5E3-4CE1-AB62-D3656B94D0E2}.Release|Any CPU.Build.0 = Release|Any CPU
	EndGlobalSection
	GlobalSection(SolutionProperties) = preSolution
		HideSolutionNode = FALSE
	EndGlobalSection
	GlobalSection(ExtensibilityGlobals) = postSolution
		SolutionGuid = {5C94ED9B-D161-4F1C-B9BD-40F53BA6B1A2}
	EndGlobalSection
EndGlobal
